
Microsoft Visual Studio Solution File, Format Version 12.00
# Visual Studio Version 17
VisualStudioVersion = 17.5.33627.172
MinimumVisualStudioVersion = 10.0.40219.1
Project("{FAE04EC0-301F-11D3-BF4B-00C04F79EFBC}") = "RekenRace", "RekenRace\RekenRace.csproj", "{152C83A3-A2CE-454C-BB77-4FD8A367B412}"
EndProject
Global
	GlobalSection(SolutionConfigurationPlatforms) = preSolution
		Debug|Any CPU = Debug|Any CPU
		Release|Any CPU = Release|Any CPU
	EndGlobalSection
	GlobalSection(ProjectConfigurationPlatforms) = postSolution
		{152C83A3-A2CE-454C-BB77-4FD8A367B412}.Debug|Any CPU.ActiveCfg = Debug|Any CPU
		{152C83A3-A2CE-454C-BB77-4FD8A367B412}.Debug|Any CPU.Build.0 = Debug|Any CPU
		{152C83A3-A2CE-454C-BB77-4FD8A367B412}.Release|Any CPU.ActiveCfg = Release|Any CPU
		{152C83A3-A2CE-454C-BB77-4FD8A367B412}.Release|Any CPU.Build.0 = Release|Any CPU
	EndGlobalSection
	GlobalSection(SolutionProperties) = preSolution
		HideSolutionNode = FALSE
	EndGlobalSection
	GlobalSection(ExtensibilityGlobals) = postSolution
		SolutionGuid = {BCC8FB72-AB33-43C8-A994-CFB2D0923284}
	EndGlobalSection
EndGlobal
